
Microsoft Visual Studio Solution File, Format Version 12.00
# Visual Studio Version 17
VisualStudioVersion = 17.14.36414.22 d17.14
MinimumVisualStudioVersion = 10.0.40219.1
Project("{FAE04EC0-301F-11D3-BF4B-00C04F79EFBC}") = "JogoDeAdvinhação", "JogoDeAdvinhação\JogoDeAdvinhação.csproj", "{8B08487C-DB0C-4078-A0FB-2BB308552744}"
EndProject
Global
	GlobalSection(SolutionConfigurationPlatforms) = preSolution
		Debug|Any CPU = Debug|Any CPU
		Release|Any CPU = Release|Any CPU
	EndGlobalSection
	GlobalSection(ProjectConfigurationPlatforms) = postSolution
		{8B08487C-DB0C-4078-A0FB-2BB308552744}.Debug|Any CPU.ActiveCfg = Debug|Any CPU
		{8B08487C-DB0C-4078-A0FB-2BB308552744}.Debug|Any CPU.Build.0 = Debug|Any CPU
		{8B08487C-DB0C-4078-A0FB-2BB308552744}.Release|Any CPU.ActiveCfg = Release|Any CPU
		{8B08487C-DB0C-4078-A0FB-2BB308552744}.Release|Any CPU.Build.0 = Release|Any CPU
	EndGlobalSection
	GlobalSection(SolutionProperties) = preSolution
		HideSolutionNode = FALSE
	EndGlobalSection
	GlobalSection(ExtensibilityGlobals) = postSolution
		SolutionGuid = {EBC8E235-4898-44FF-90F8-30B57F3508B0}
	EndGlobalSection
EndGlobal
